
Microsoft Visual Studio Solution File, Format Version 12.00
# Visual Studio Version 17
VisualStudioVersion = 17.5.33516.290
MinimumVisualStudioVersion = 10.0.40219.1
Project("{9A19103F-16F7-4668-BE54-9A1E7A4F7556}") = "TheTorment", "TheTorment.csproj", "{ACF632E9-ED1F-4FCF-8B58-E8C03A77978B}"
EndProject
Global
	GlobalSection(SolutionConfigurationPlatforms) = preSolution
		Debug|Any CPU = Debug|Any CPU
		Release|Any CPU = Release|Any CPU
	EndGlobalSection
	GlobalSection(ProjectConfigurationPlatforms) = postSolution
		{ACF632E9-ED1F-4FCF-8B58-E8C03A77978B}.Debug|Any CPU.ActiveCfg = Debug|Any CPU
		{ACF632E9-ED1F-4FCF-8B58-E8C03A77978B}.Debug|Any CPU.Build.0 = Debug|Any CPU
		{ACF632E9-ED1F-4FCF-8B58-E8C03A77978B}.Release|Any CPU.ActiveCfg = Release|Any CPU
		{ACF632E9-ED1F-4FCF-8B58-E8C03A77978B}.Release|Any CPU.Build.0 = Release|Any CPU
	EndGlobalSection
	GlobalSection(SolutionProperties) = preSolution
		HideSolutionNode = FALSE
	EndGlobalSection
	GlobalSection(ExtensibilityGlobals) = postSolution
		SolutionGuid = {EF2DAB50-4BAA-4195-864B-8141B1411DF8}
	EndGlobalSection
EndGlobal
